
Microsoft Visual Studio Solution File, Format Version 12.00
# Visual Studio Version 17
VisualStudioVersion = 17.4.33213.308
MinimumVisualStudioVersion = 10.0.40219.1
Project("{9A19103F-16F7-4668-BE54-9A1E7A4F7556}") = "Gems.Enterprise.WebServer.ControlBoxPlayaround", "Gems.Enterprise.WebServer.ControlBoxPlayaround.csproj", "{A3D02859-F33E-44C0-BC62-C861BD4AFB7C}"
EndProject
Project("{9A19103F-16F7-4668-BE54-9A1E7A4F7556}") = "Gems.Enterprise.WebApp.FirstApplication", "..\Gems.Enterprise.WebApp.FirstApplication\Gems.Enterprise.WebApp.FirstApplication.csproj", "{AA3ABF39-AE45-4E95-AEA7-D552E4F4B81D}"
EndProject
Global
	GlobalSection(SolutionConfigurationPlatforms) = preSolution
		Debug|Any CPU = Debug|Any CPU
		Release|Any CPU = Release|Any CPU
	EndGlobalSection
	GlobalSection(ProjectConfigurationPlatforms) = postSolution
		{A3D02859-F33E-44C0-BC62-C861BD4AFB7C}.Debug|Any CPU.ActiveCfg = Debug|Any CPU
		{A3D02859-F33E-44C0-BC62-C861BD4AFB7C}.Debug|Any CPU.Build.0 = Debug|Any CPU
		{A3D02859-F33E-44C0-BC62-C861BD4AFB7C}.Release|Any CPU.ActiveCfg = Release|Any CPU
		{A3D02859-F33E-44C0-BC62-C861BD4AFB7C}.Release|Any CPU.Build.0 = Release|Any CPU
		{AA3ABF39-AE45-4E95-AEA7-D552E4F4B81D}.Debug|Any CPU.ActiveCfg = Debug|Any CPU
		{AA3ABF39-AE45-4E95-AEA7-D552E4F4B81D}.Debug|Any CPU.Build.0 = Debug|Any CPU
		{AA3ABF39-AE45-4E95-AEA7-D552E4F4B81D}.Release|Any CPU.ActiveCfg = Release|Any CPU
		{AA3ABF39-AE45-4E95-AEA7-D552E4F4B81D}.Release|Any CPU.Build.0 = Release|Any CPU
	EndGlobalSection
	GlobalSection(SolutionProperties) = preSolution
		HideSolutionNode = FALSE
	EndGlobalSection
	GlobalSection(ExtensibilityGlobals) = postSolution
		SolutionGuid = {B88C2392-8C51-42DE-BAC4-568AFE8526CC}
	EndGlobalSection
EndGlobal
